
Microsoft Visual Studio Solution File, Format Version 12.00
# Visual Studio Version 17
VisualStudioVersion = 17.2.32616.157
MinimumVisualStudioVersion = 10.0.40219.1
Project("{FAE04EC0-301F-11D3-BF4B-00C04F79EFBC}") = "QLBH", "QLBH\QLBH.csproj", "{DC7A0EE2-2AE1-45B5-BB16-7C5199542AA8}"
EndProject
Global
	GlobalSection(SolutionConfigurationPlatforms) = preSolution
		Debug|Any CPU = Debug|Any CPU
		Release|Any CPU = Release|Any CPU
	EndGlobalSection
	GlobalSection(ProjectConfigurationPlatforms) = postSolution
		{DC7A0EE2-2AE1-45B5-BB16-7C5199542AA8}.Debug|Any CPU.ActiveCfg = Debug|Any CPU
		{DC7A0EE2-2AE1-45B5-BB16-7C5199542AA8}.Debug|Any CPU.Build.0 = Debug|Any CPU
		{DC7A0EE2-2AE1-45B5-BB16-7C5199542AA8}.Release|Any CPU.ActiveCfg = Release|Any CPU
		{DC7A0EE2-2AE1-45B5-BB16-7C5199542AA8}.Release|Any CPU.Build.0 = Release|Any CPU
	EndGlobalSection
	GlobalSection(SolutionProperties) = preSolution
		HideSolutionNode = FALSE
	EndGlobalSection
	GlobalSection(ExtensibilityGlobals) = postSolution
		SolutionGuid = {D442B39A-4750-425B-AEE0-C0ABA9944843}
	EndGlobalSection
EndGlobal
